
Microsoft Visual Studio Solution File, Format Version 12.00
# Visual Studio Version 17
VisualStudioVersion = 17.5.002.0
MinimumVisualStudioVersion = 10.0.40219.1
Project("{9A19103F-16F7-4668-BE54-9A1E7A4F7556}") = "ggy-app-service-account-report", "ggy-app-service-account-report.csproj", "{533680B3-CCB7-49F9-8F0C-40281B24DC52}"
EndProject
Global
	GlobalSection(SolutionConfigurationPlatforms) = preSolution
		Debug|Any CPU = Debug|Any CPU
		Release|Any CPU = Release|Any CPU
	EndGlobalSection
	GlobalSection(ProjectConfigurationPlatforms) = postSolution
		{533680B3-CCB7-49F9-8F0C-40281B24DC52}.Debug|Any CPU.ActiveCfg = Debug|Any CPU
		{533680B3-CCB7-49F9-8F0C-40281B24DC52}.Debug|Any CPU.Build.0 = Debug|Any CPU
		{533680B3-CCB7-49F9-8F0C-40281B24DC52}.Release|Any CPU.ActiveCfg = Release|Any CPU
		{533680B3-CCB7-49F9-8F0C-40281B24DC52}.Release|Any CPU.Build.0 = Release|Any CPU
	EndGlobalSection
	GlobalSection(SolutionProperties) = preSolution
		HideSolutionNode = FALSE
	EndGlobalSection
	GlobalSection(ExtensibilityGlobals) = postSolution
		SolutionGuid = {B8E529DB-ADBC-4970-9348-B60900B4CE6C}
	EndGlobalSection
EndGlobal
